// !$*UTF8*$!
{
	archiveVersion = 1;
	classes = {
	};
	objectVersion = 46;
	objects = {

/* Begin PBXBuildFile section */
		074B54979631582CCF0A34F1 /* mara-selvini-palazzoli-portrait.png in Resources */ = {isa = PBXBuildFile; fileRef = F15D9ABC0D155C02F5DC1882 /* mara-selvini-palazzoli-portrait.png */; };
		230BE019244FDFB0866CFF28 /* ContentCatalog.swift in Sources */ = {isa = PBXBuildFile; fileRef = 45A28C6A1D742F894A341DE0 /* ContentCatalog.swift */; };
		2C767AD11124B9D8D780080D /* steve-de-shazer-portrait.png in Resources */ = {isa = PBXBuildFile; fileRef = 72E353BF7BCA14436FC6D8E0 /* steve-de-shazer-portrait.png */; };
		30691896CA0482D585E54863 /* miller-rollnick-portrait.png in Resources */ = {isa = PBXBuildFile; fileRef = 085EE1AD734443E3BF53848C /* miller-rollnick-portrait.png */; };
		516F61E5FC6A9197839A76DD /* ConversationView.swift in Sources */ = {isa = PBXBuildFile; fileRef = FE819A33C0C64E8ABCDC77B6 /* ConversationView.swift */; };
		586732108FAB5CF36BCF58C0 /* ReviewView.swift in Sources */ = {isa = PBXBuildFile; fileRef = DE2C7DC1CACEB6DAA7EEE587 /* ReviewView.swift */; };
		6F9C4BB24D26139BA7C3D26E /* TrainerCore in Frameworks */ = {isa = PBXBuildFile; productRef = 29E2CE8DA52B59CC09323D6F /* TrainerCore */; };
		7DE0F1712BF3071326A3BC96 /* BeratungstrainerApp.swift in Sources */ = {isa = PBXBuildFile; fileRef = 930A6D5AC75935B037C92EB9 /* BeratungstrainerApp.swift */; };
		8288F189E6086CDECAB774E0 /* catalog.json in Resources */ = {isa = PBXBuildFile; fileRef = 95FA5CF31E1C52BC16CBFE5A /* catalog.json */; };
		8A653D230C25DFFB4A090AD0 /* carl-rogers-portrait.png in Resources */ = {isa = PBXBuildFile; fileRef = 72275EF00659F0E076116D1E /* carl-rogers-portrait.png */; };
		92C35A9010522129BA9D0B6B /* portrait-pool.json in Resources */ = {isa = PBXBuildFile; fileRef = 339E11100040D61CB8B33015 /* portrait-pool.json */; };
		A9D3DB7B77F52F37388825EC /* HomePortrait.swift in Sources */ = {isa = PBXBuildFile; fileRef = 1D5AAA5F4FE7B4E5136D841B /* HomePortrait.swift */; };
		ADFA0D6172641CA57B9762D5 /* RootView.swift in Sources */ = {isa = PBXBuildFile; fileRef = 9411690D95CE510B79684F29 /* RootView.swift */; };
		BA0650855BB1AB972EC21CD4 /* catalog.sha256 in Resources */ = {isa = PBXBuildFile; fileRef = 3591402605D4EB5C2DFF6A80 /* catalog.sha256 */; };
		CC31A3E46E0B5EBD871E4A79 /* AppModel.swift in Sources */ = {isa = PBXBuildFile; fileRef = 6A09DB7D8B0DACF0DF5548EC /* AppModel.swift */; };
		D4F1A2B36C0E47A98B215E70 /* OpenRouterModelProvider.swift in Sources */ = {isa = PBXBuildFile; fileRef = B7C60E4419D35A82F0D1C338 /* OpenRouterModelProvider.swift */; };
		A1B2C3D40002SETTINGSVIEW /* SettingsView.swift in Sources */ = {isa = PBXBuildFile; fileRef = A1B2C3D40001SETTINGSVIEW /* SettingsView.swift */; };
		A1B2C3D40004DISCLCONSENT /* DisclaimerConsent.swift in Sources */ = {isa = PBXBuildFile; fileRef = A1B2C3D40003DISCLCONSENT /* DisclaimerConsent.swift */; };
		A1B2C3D40006DISCLAIMVIEW /* DisclaimerView.swift in Sources */ = {isa = PBXBuildFile; fileRef = A1B2C3D40005DISCLAIMVIEW /* DisclaimerView.swift */; };
		FE58A947ED89308035C18C43 /* TrainerStorage in Frameworks */ = {isa = PBXBuildFile; productRef = CA98A43EC3343B5EED7A7DD6 /* TrainerStorage */; };
/* End PBXBuildFile section */

/* Begin PBXFileReference section */
		085EE1AD734443E3BF53848C /* miller-rollnick-portrait.png */ = {isa = PBXFileReference; includeInIndex = 1; lastKnownFileType = image.png; name = "miller-rollnick-portrait.png"; path = "Resources/Illustrations/miller-rollnick-portrait.png"; sourceTree = "<group>"; };
		1D5AAA5F4FE7B4E5136D841B /* HomePortrait.swift */ = {isa = PBXFileReference; includeInIndex = 1; lastKnownFileType = sourcecode.swift; name = HomePortrait.swift; path = App/HomePortrait.swift; sourceTree = "<group>"; };
		26916C550A2EEEAE53CFC3A8 /* Foundation.framework */ = {isa = PBXFileReference; lastKnownFileType = wrapper.framework; name = Foundation.framework; path = Platforms/iPhoneOS.platform/Developer/SDKs/iPhoneOS18.0.sdk/System/Library/Frameworks/Foundation.framework; sourceTree = DEVELOPER_DIR; };
		339E11100040D61CB8B33015 /* portrait-pool.json */ = {isa = PBXFileReference; includeInIndex = 1; name = "portrait-pool.json"; path = "Resources/Illustrations/portrait-pool.json"; sourceTree = "<group>"; };
		3591402605D4EB5C2DFF6A80 /* catalog.sha256 */ = {isa = PBXFileReference; includeInIndex = 1; name = catalog.sha256; path = Resources/Content/catalog.sha256; sourceTree = "<group>"; };
		45A28C6A1D742F894A341DE0 /* ContentCatalog.swift */ = {isa = PBXFileReference; includeInIndex = 1; lastKnownFileType = sourcecode.swift; name = ContentCatalog.swift; path = App/ContentCatalog.swift; sourceTree = "<group>"; };
		67E2EA882FCAC12CC82CA10B /* Beratungstrainer.app */ = {isa = PBXFileReference; explicitFileType = wrapper.application; includeInIndex = 0; path = Beratungstrainer.app; sourceTree = BUILT_PRODUCTS_DIR; };
		6A09DB7D8B0DACF0DF5548EC /* AppModel.swift */ = {isa = PBXFileReference; includeInIndex = 1; lastKnownFileType = sourcecode.swift; name = AppModel.swift; path = App/AppModel.swift; sourceTree = "<group>"; };
		72275EF00659F0E076116D1E /* carl-rogers-portrait.png */ = {isa = PBXFileReference; includeInIndex = 1; lastKnownFileType = image.png; name = "carl-rogers-portrait.png"; path = "Resources/Illustrations/carl-rogers-portrait.png"; sourceTree = "<group>"; };
		72E353BF7BCA14436FC6D8E0 /* steve-de-shazer-portrait.png */ = {isa = PBXFileReference; includeInIndex = 1; lastKnownFileType = image.png; name = "steve-de-shazer-portrait.png"; path = "Resources/Illustrations/steve-de-shazer-portrait.png"; sourceTree = "<group>"; };
		930A6D5AC75935B037C92EB9 /* BeratungstrainerApp.swift */ = {isa = PBXFileReference; includeInIndex = 1; lastKnownFileType = sourcecode.swift; name = BeratungstrainerApp.swift; path = App/BeratungstrainerApp.swift; sourceTree = "<group>"; };
		9411690D95CE510B79684F29 /* RootView.swift */ = {isa = PBXFileReference; includeInIndex = 1; lastKnownFileType = sourcecode.swift; name = RootView.swift; path = Features/RootView.swift; sourceTree = "<group>"; };
		B7C60E4419D35A82F0D1C338 /* OpenRouterModelProvider.swift */ = {isa = PBXFileReference; includeInIndex = 1; lastKnownFileType = sourcecode.swift; name = OpenRouterModelProvider.swift; path = Services/Models/OpenRouterModelProvider.swift; sourceTree = "<group>"; };
		A1B2C3D40001SETTINGSVIEW /* SettingsView.swift */ = {isa = PBXFileReference; includeInIndex = 1; lastKnownFileType = sourcecode.swift; name = SettingsView.swift; path = Features/SettingsView.swift; sourceTree = "<group>"; };
		A1B2C3D40003DISCLCONSENT /* DisclaimerConsent.swift */ = {isa = PBXFileReference; includeInIndex = 1; lastKnownFileType = sourcecode.swift; name = DisclaimerConsent.swift; path = App/DisclaimerConsent.swift; sourceTree = "<group>"; };
		A1B2C3D40005DISCLAIMVIEW /* DisclaimerView.swift */ = {isa = PBXFileReference; includeInIndex = 1; lastKnownFileType = sourcecode.swift; name = DisclaimerView.swift; path = Features/DisclaimerView.swift; sourceTree = "<group>"; };
		95FA5CF31E1C52BC16CBFE5A /* catalog.json */ = {isa = PBXFileReference; includeInIndex = 1; name = catalog.json; path = Resources/Content/catalog.json; sourceTree = "<group>"; };
		DE2C7DC1CACEB6DAA7EEE587 /* ReviewView.swift */ = {isa = PBXFileReference; includeInIndex = 1; lastKnownFileType = sourcecode.swift; name = ReviewView.swift; path = Features/ReviewView.swift; sourceTree = "<group>"; };
		F15D9ABC0D155C02F5DC1882 /* mara-selvini-palazzoli-portrait.png */ = {isa = PBXFileReference; includeInIndex = 1; lastKnownFileType = image.png; name = "mara-selvini-palazzoli-portrait.png"; path = "Resources/Illustrations/mara-selvini-palazzoli-portrait.png"; sourceTree = "<group>"; };
		FE819A33C0C64E8ABCDC77B6 /* ConversationView.swift */ = {isa = PBXFileReference; includeInIndex = 1; lastKnownFileType = sourcecode.swift; name = ConversationView.swift; path = Features/ConversationView.swift; sourceTree = "<group>"; };
/* End PBXFileReference section */

/* Begin PBXFrameworksBuildPhase section */
		87AFC323B5738845F3F90FCE /* Frameworks */ = {
			isa = PBXFrameworksBuildPhase;
			buildActionMask = 2147483647;
			files = (
				6F9C4BB24D26139BA7C3D26E /* TrainerCore in Frameworks */,
				FE58A947ED89308035C18C43 /* TrainerStorage in Frameworks */,
			);
			runOnlyForDeploymentPostprocessing = 0;
		};
/* End PBXFrameworksBuildPhase section */

/* Begin PBXGroup section */
		41A9EB2E7171BD40C34C5CFA = {
			isa = PBXGroup;
			children = (
				5395F2575084522618D05E39 /* Products */,
				F2D7897D2E20678B3E062E89 /* Frameworks */,
				F7A04655E9AC9B560B038AAC /* Beratungstrainer */,
			);
			sourceTree = "<group>";
		};
		5395F2575084522618D05E39 /* Products */ = {
			isa = PBXGroup;
			children = (
				67E2EA882FCAC12CC82CA10B /* Beratungstrainer.app */,
			);
			name = Products;
			sourceTree = "<group>";
		};
		850AB62A5E59964E8D6C4948 /* iOS */ = {
			isa = PBXGroup;
			children = (
				26916C550A2EEEAE53CFC3A8 /* Foundation.framework */,
			);
			name = iOS;
			sourceTree = "<group>";
		};
		F2D7897D2E20678B3E062E89 /* Frameworks */ = {
			isa = PBXGroup;
			children = (
				850AB62A5E59964E8D6C4948 /* iOS */,
			);
			name = Frameworks;
			sourceTree = "<group>";
		};
		F7A04655E9AC9B560B038AAC /* Beratungstrainer */ = {
			isa = PBXGroup;
			children = (
				6A09DB7D8B0DACF0DF5548EC /* AppModel.swift */,
				930A6D5AC75935B037C92EB9 /* BeratungstrainerApp.swift */,
				45A28C6A1D742F894A341DE0 /* ContentCatalog.swift */,
				A1B2C3D40003DISCLCONSENT /* DisclaimerConsent.swift */,
				1D5AAA5F4FE7B4E5136D841B /* HomePortrait.swift */,
				FE819A33C0C64E8ABCDC77B6 /* ConversationView.swift */,
				DE2C7DC1CACEB6DAA7EEE587 /* ReviewView.swift */,
				9411690D95CE510B79684F29 /* RootView.swift */,
				A1B2C3D40005DISCLAIMVIEW /* DisclaimerView.swift */,
				A1B2C3D40001SETTINGSVIEW /* SettingsView.swift */,
				B7C60E4419D35A82F0D1C338 /* OpenRouterModelProvider.swift */,
				95FA5CF31E1C52BC16CBFE5A /* catalog.json */,
				3591402605D4EB5C2DFF6A80 /* catalog.sha256 */,
				72275EF00659F0E076116D1E /* carl-rogers-portrait.png */,
				F15D9ABC0D155C02F5DC1882 /* mara-selvini-palazzoli-portrait.png */,
				085EE1AD734443E3BF53848C /* miller-rollnick-portrait.png */,
				339E11100040D61CB8B33015 /* portrait-pool.json */,
				72E353BF7BCA14436FC6D8E0 /* steve-de-shazer-portrait.png */,
			);
			name = Beratungstrainer;
			path = Beratungstrainer;
			sourceTree = "<group>";
		};
/* End PBXGroup section */

/* Begin PBXNativeTarget section */
		7372A36B1F4A9416009080C6 /* Beratungstrainer */ = {
			isa = PBXNativeTarget;
			buildConfigurationList = AB3BDED6CED39CBBD2C65977 /* Build configuration list for PBXNativeTarget "Beratungstrainer" */;
			buildPhases = (
				800EEDC9FC0752C4DAE09553 /* Sources */,
				87AFC323B5738845F3F90FCE /* Frameworks */,
				AEED05468E76A6850C8094F6 /* Resources */,
			);
			buildRules = (
			);
			dependencies = (
			);
			name = Beratungstrainer;
			packageProductDependencies = (
				29E2CE8DA52B59CC09323D6F /* TrainerCore */,
				CA98A43EC3343B5EED7A7DD6 /* TrainerStorage */,
			);
			productName = Beratungstrainer;
			productReference = 67E2EA882FCAC12CC82CA10B /* Beratungstrainer.app */;
			productType = "com.apple.product-type.application";
		};
/* End PBXNativeTarget section */

/* Begin PBXProject section */
		DBD267DBBC258928B6E04AE3 /* Project object */ = {
			isa = PBXProject;
			attributes = {
				LastSwiftUpdateCheck = 1600;
				LastUpgradeCheck = 1600;
			};
			buildConfigurationList = 4415D178C1DD8904C61B32F3 /* Build configuration list for PBXProject "Beratungstrainer" */;
			compatibilityVersion = "Xcode 3.2";
			developmentRegion = en;
			hasScannedForEncodings = 0;
			knownRegions = (
				en,
				Base,
			);
			mainGroup = 41A9EB2E7171BD40C34C5CFA;
			minimizedProjectReferenceProxies = 0;
			packageReferences = (
				617479A14B57413D52EE71CD /* XCLocalSwiftPackageReference "TrainerCore" */,
				685771AB7CD5849CD774C639 /* XCLocalSwiftPackageReference "TrainerStorage" */,
			);
			preferredProjectObjectVersion = 77;
			productRefGroup = 5395F2575084522618D05E39 /* Products */;
			projectDirPath = "";
			projectRoot = "";
			targets = (
				7372A36B1F4A9416009080C6 /* Beratungstrainer */,
			);
		};
/* End PBXProject section */

/* Begin PBXResourcesBuildPhase section */
		AEED05468E76A6850C8094F6 /* Resources */ = {
			isa = PBXResourcesBuildPhase;
			buildActionMask = 2147483647;
			files = (
				8288F189E6086CDECAB774E0 /* catalog.json in Resources */,
				BA0650855BB1AB972EC21CD4 /* catalog.sha256 in Resources */,
				8A653D230C25DFFB4A090AD0 /* carl-rogers-portrait.png in Resources */,
				074B54979631582CCF0A34F1 /* mara-selvini-palazzoli-portrait.png in Resources */,
				30691896CA0482D585E54863 /* miller-rollnick-portrait.png in Resources */,
				92C35A9010522129BA9D0B6B /* portrait-pool.json in Resources */,
				2C767AD11124B9D8D780080D /* steve-de-shazer-portrait.png in Resources */,
			);
			runOnlyForDeploymentPostprocessing = 0;
		};
/* End PBXResourcesBuildPhase section */

/* Begin PBXSourcesBuildPhase section */
		800EEDC9FC0752C4DAE09553 /* Sources */ = {
			isa = PBXSourcesBuildPhase;
			buildActionMask = 2147483647;
			files = (
				CC31A3E46E0B5EBD871E4A79 /* AppModel.swift in Sources */,
				7DE0F1712BF3071326A3BC96 /* BeratungstrainerApp.swift in Sources */,
				230BE019244FDFB0866CFF28 /* ContentCatalog.swift in Sources */,
				A1B2C3D40004DISCLCONSENT /* DisclaimerConsent.swift in Sources */,
				A9D3DB7B77F52F37388825EC /* HomePortrait.swift in Sources */,
				516F61E5FC6A9197839A76DD /* ConversationView.swift in Sources */,
				586732108FAB5CF36BCF58C0 /* ReviewView.swift in Sources */,
				ADFA0D6172641CA57B9762D5 /* RootView.swift in Sources */,
				A1B2C3D40006DISCLAIMVIEW /* DisclaimerView.swift in Sources */,
				A1B2C3D40002SETTINGSVIEW /* SettingsView.swift in Sources */,
				D4F1A2B36C0E47A98B215E70 /* OpenRouterModelProvider.swift in Sources */,
			);
			runOnlyForDeploymentPostprocessing = 0;
		};
/* End PBXSourcesBuildPhase section */

/* Begin XCBuildConfiguration section */
		8A186302DB957C340AFE5084 /* Release */ = {
			isa = XCBuildConfiguration;
			buildSettings = {
				ASSETCATALOG_COMPILER_APPICON_NAME = AppIcon;
				ASSETCATALOG_COMPILER_GLOBAL_ACCENT_COLOR_NAME = AccentColor;
				CLANG_ENABLE_OBJC_WEAK = NO;
				CODE_SIGN_STYLE = Automatic;
				CURRENT_PROJECT_VERSION = 1;
				ENABLE_APP_SANDBOX = YES;
				ENABLE_USER_SELECTED_FILES = readwrite;
				GENERATE_INFOPLIST_FILE = YES;
				INFOPLIST_KEY_CFBundleDisplayName = "Rogers Rodeo";
				INFOPLIST_KEY_LSApplicationCategoryType = "public.app-category.education";
				INFOPLIST_KEY_UIApplicationSceneManifest_Generation = YES;
				INFOPLIST_KEY_UILaunchScreen_Generation = YES;
				INFOPLIST_KEY_UISupportedInterfaceOrientations = "UIInterfaceOrientationPortrait UIInterfaceOrientationLandscapeLeft UIInterfaceOrientationLandscapeRight";
				IPHONEOS_DEPLOYMENT_TARGET = 17.0;
				LD_RUNPATH_SEARCH_PATHS = "$(inherited) @executable_path/Frameworks @executable_path/../Frameworks";
				MACOSX_DEPLOYMENT_TARGET = 15.0;
				MARKETING_VERSION = 0.1.0;
				PRODUCT_BUNDLE_IDENTIFIER = de.rogersrodeo.beratungstrainer;
				SDKROOT = iphoneos;
				SUPPORTED_PLATFORMS = "iphoneos iphonesimulator macosx";
				SUPPORTS_MACCATALYST = NO;
				SWIFT_STRICT_CONCURRENCY = complete;
				SWIFT_VERSION = 6.0;
				TARGETED_DEVICE_FAMILY = 1;
				VALIDATE_PRODUCT = YES;
			};
			name = Release;
		};
		9906DE80826FBBB67B7ADF15 /* Release */ = {
			isa = XCBuildConfiguration;
			buildSettings = {
				ALWAYS_SEARCH_USER_PATHS = NO;
				CLANG_ANALYZER_NONNULL = YES;
				CLANG_ANALYZER_NUMBER_OBJECT_CONVERSION = YES_AGGRESSIVE;
				CLANG_CXX_LANGUAGE_STANDARD = "gnu++14";
				CLANG_CXX_LIBRARY = "libc++";
				CLANG_ENABLE_MODULES = YES;
				CLANG_ENABLE_OBJC_ARC = YES;
				CLANG_ENABLE_OBJC_WEAK = YES;
				CLANG_WARN_BLOCK_CAPTURE_AUTORELEASING = YES;
				CLANG_WARN_BOOL_CONVERSION = YES;
				CLANG_WARN_COMMA = YES;
				CLANG_WARN_CONSTANT_CONVERSION = YES;
				CLANG_WARN_DEPRECATED_OBJC_IMPLEMENTATIONS = YES;
				CLANG_WARN_DIRECT_OBJC_ISA_USAGE = YES_ERROR;
				CLANG_WARN_DOCUMENTATION_COMMENTS = YES;
				CLANG_WARN_EMPTY_BODY = YES;
				CLANG_WARN_ENUM_CONVERSION = YES;
				CLANG_WARN_INFINITE_RECURSION = YES;
				CLANG_WARN_INT_CONVERSION = YES;
				CLANG_WARN_NON_LITERAL_NULL_CONVERSION = YES;
				CLANG_WARN_OBJC_IMPLICIT_RETAIN_SELF = YES;
				CLANG_WARN_OBJC_LITERAL_CONVERSION = YES;
				CLANG_WARN_OBJC_ROOT_CLASS = YES_ERROR;
				CLANG_WARN_QUOTED_INCLUDE_IN_FRAMEWORK_HEADER = YES;
				CLANG_WARN_RANGE_LOOP_ANALYSIS = YES;
				CLANG_WARN_STRICT_PROTOTYPES = YES;
				CLANG_WARN_SUSPICIOUS_MOVE = YES;
				CLANG_WARN_UNGUARDED_AVAILABILITY = YES_AGGRESSIVE;
				CLANG_WARN_UNREACHABLE_CODE = YES;
				CLANG_WARN__DUPLICATE_METHOD_MATCH = YES;
				COPY_PHASE_STRIP = NO;
				DEBUG_INFORMATION_FORMAT = "dwarf-with-dsym";
				ENABLE_NS_ASSERTIONS = NO;
				ENABLE_STRICT_OBJC_MSGSEND = YES;
				ENABLE_USER_SCRIPT_SANDBOXING = YES;
				GCC_C_LANGUAGE_STANDARD = gnu11;
				GCC_NO_COMMON_BLOCKS = YES;
				GCC_WARN_64_TO_32_BIT_CONVERSION = YES;
				GCC_WARN_ABOUT_RETURN_TYPE = YES_ERROR;
				GCC_WARN_UNDECLARED_SELECTOR = YES;
				GCC_WARN_UNINITIALIZED_AUTOS = YES_AGGRESSIVE;
				GCC_WARN_UNUSED_FUNCTION = YES;
				GCC_WARN_UNUSED_VARIABLE = YES;
				MTL_ENABLE_DEBUG_INFO = NO;
				MTL_FAST_MATH = YES;
				PRODUCT_NAME = "$(TARGET_NAME)";
				SWIFT_COMPILATION_MODE = wholemodule;
				SWIFT_OPTIMIZATION_LEVEL = "-O";
				SWIFT_VERSION = 6.0;
			};
			name = Release;
		};
		CD41EAB76B891A917D52A1CA /* Debug */ = {
			isa = XCBuildConfiguration;
			buildSettings = {
				ALWAYS_SEARCH_USER_PATHS = NO;
				CLANG_ANALYZER_NONNULL = YES;
				CLANG_ANALYZER_NUMBER_OBJECT_CONVERSION = YES_AGGRESSIVE;
				CLANG_CXX_LANGUAGE_STANDARD = "gnu++14";
				CLANG_CXX_LIBRARY = "libc++";
				CLANG_ENABLE_MODULES = YES;
				CLANG_ENABLE_OBJC_ARC = YES;
				CLANG_ENABLE_OBJC_WEAK = YES;
				CLANG_WARN_BLOCK_CAPTURE_AUTORELEASING = YES;
				CLANG_WARN_BOOL_CONVERSION = YES;
				CLANG_WARN_COMMA = YES;
				CLANG_WARN_CONSTANT_CONVERSION = YES;
				CLANG_WARN_DEPRECATED_OBJC_IMPLEMENTATIONS = YES;
				CLANG_WARN_DIRECT_OBJC_ISA_USAGE = YES_ERROR;
				CLANG_WARN_DOCUMENTATION_COMMENTS = YES;
				CLANG_WARN_EMPTY_BODY = YES;
				CLANG_WARN_ENUM_CONVERSION = YES;
				CLANG_WARN_INFINITE_RECURSION = YES;
				CLANG_WARN_INT_CONVERSION = YES;
				CLANG_WARN_NON_LITERAL_NULL_CONVERSION = YES;
				CLANG_WARN_OBJC_IMPLICIT_RETAIN_SELF = YES;
				CLANG_WARN_OBJC_LITERAL_CONVERSION = YES;
				CLANG_WARN_OBJC_ROOT_CLASS = YES_ERROR;
				CLANG_WARN_QUOTED_INCLUDE_IN_FRAMEWORK_HEADER = YES;
				CLANG_WARN_RANGE_LOOP_ANALYSIS = YES;
				CLANG_WARN_STRICT_PROTOTYPES = YES;
				CLANG_WARN_SUSPICIOUS_MOVE = YES;
				CLANG_WARN_UNGUARDED_AVAILABILITY = YES_AGGRESSIVE;
				CLANG_WARN_UNREACHABLE_CODE = YES;
				CLANG_WARN__DUPLICATE_METHOD_MATCH = YES;
				COPY_PHASE_STRIP = NO;
				DEBUG_INFORMATION_FORMAT = dwarf;
				ENABLE_STRICT_OBJC_MSGSEND = YES;
				ENABLE_TESTABILITY = YES;
				ENABLE_USER_SCRIPT_SANDBOXING = YES;
				GCC_C_LANGUAGE_STANDARD = gnu11;
				GCC_DYNAMIC_NO_PIC = NO;
				GCC_NO_COMMON_BLOCKS = YES;
				GCC_OPTIMIZATION_LEVEL = 0;
				GCC_PREPROCESSOR_DEFINITIONS = (
					"DEBUG=1",
					"$(inherited)",
				);
				GCC_WARN_64_TO_32_BIT_CONVERSION = YES;
				GCC_WARN_ABOUT_RETURN_TYPE = YES_ERROR;
				GCC_WARN_UNDECLARED_SELECTOR = YES;
				GCC_WARN_UNINITIALIZED_AUTOS = YES_AGGRESSIVE;
				GCC_WARN_UNUSED_FUNCTION = YES;
				GCC_WARN_UNUSED_VARIABLE = YES;
				MTL_ENABLE_DEBUG_INFO = INCLUDE_SOURCE;
				MTL_FAST_MATH = YES;
				ONLY_ACTIVE_ARCH = YES;
				PRODUCT_NAME = "$(TARGET_NAME)";
				SWIFT_ACTIVE_COMPILATION_CONDITIONS = DEBUG;
				SWIFT_OPTIMIZATION_LEVEL = "-Onone";
				SWIFT_VERSION = 6.0;
			};
			name = Debug;
		};
		EBB921B77F7DF3F6C94E916B /* Debug */ = {
			isa = XCBuildConfiguration;
			buildSettings = {
				ASSETCATALOG_COMPILER_APPICON_NAME = AppIcon;
				ASSETCATALOG_COMPILER_GLOBAL_ACCENT_COLOR_NAME = AccentColor;
				CLANG_ENABLE_OBJC_WEAK = NO;
				CODE_SIGN_STYLE = Automatic;
				CURRENT_PROJECT_VERSION = 1;
				ENABLE_APP_SANDBOX = YES;
				ENABLE_USER_SELECTED_FILES = readwrite;
				GENERATE_INFOPLIST_FILE = YES;
				INFOPLIST_KEY_CFBundleDisplayName = "Rogers Rodeo";
				INFOPLIST_KEY_LSApplicationCategoryType = "public.app-category.education";
				INFOPLIST_KEY_UIApplicationSceneManifest_Generation = YES;
				INFOPLIST_KEY_UILaunchScreen_Generation = YES;
				INFOPLIST_KEY_UISupportedInterfaceOrientations = "UIInterfaceOrientationPortrait UIInterfaceOrientationLandscapeLeft UIInterfaceOrientationLandscapeRight";
				IPHONEOS_DEPLOYMENT_TARGET = 17.0;
				LD_RUNPATH_SEARCH_PATHS = "$(inherited) @executable_path/Frameworks @executable_path/../Frameworks";
				MACOSX_DEPLOYMENT_TARGET = 15.0;
				MARKETING_VERSION = 0.1.0;
				PRODUCT_BUNDLE_IDENTIFIER = de.rogersrodeo.beratungstrainer;
				SDKROOT = iphoneos;
				SUPPORTED_PLATFORMS = "iphoneos iphonesimulator macosx";
				SUPPORTS_MACCATALYST = NO;
				SWIFT_ACTIVE_COMPILATION_CONDITIONS = "DEBUG $(inherited)";
				SWIFT_STRICT_CONCURRENCY = complete;
				SWIFT_VERSION = 6.0;
				TARGETED_DEVICE_FAMILY = 1;
			};
			name = Debug;
		};
/* End XCBuildConfiguration section */

/* Begin XCConfigurationList section */
		4415D178C1DD8904C61B32F3 /* Build configuration list for PBXProject "Beratungstrainer" */ = {
			isa = XCConfigurationList;
			buildConfigurations = (
				CD41EAB76B891A917D52A1CA /* Debug */,
				9906DE80826FBBB67B7ADF15 /* Release */,
			);
			defaultConfigurationIsVisible = 0;
			defaultConfigurationName = Release;
		};
		AB3BDED6CED39CBBD2C65977 /* Build configuration list for PBXNativeTarget "Beratungstrainer" */ = {
			isa = XCConfigurationList;
			buildConfigurations = (
				8A186302DB957C340AFE5084 /* Release */,
				EBB921B77F7DF3F6C94E916B /* Debug */,
			);
			defaultConfigurationIsVisible = 0;
			defaultConfigurationName = Release;
		};
/* End XCConfigurationList section */

/* Begin XCLocalSwiftPackageReference section */
		617479A14B57413D52EE71CD /* XCLocalSwiftPackageReference "TrainerCore" */ = {
			isa = XCLocalSwiftPackageReference;
			relativePath = Packages/TrainerCore;
		};
		685771AB7CD5849CD774C639 /* XCLocalSwiftPackageReference "TrainerStorage" */ = {
			isa = XCLocalSwiftPackageReference;
			relativePath = Packages/TrainerStorage;
		};
/* End XCLocalSwiftPackageReference section */

/* Begin XCSwiftPackageProductDependency section */
		29E2CE8DA52B59CC09323D6F /* TrainerCore */ = {
			isa = XCSwiftPackageProductDependency;
			package = 617479A14B57413D52EE71CD /* XCLocalSwiftPackageReference "TrainerCore" */;
			productName = TrainerCore;
		};
		CA98A43EC3343B5EED7A7DD6 /* TrainerStorage */ = {
			isa = XCSwiftPackageProductDependency;
			package = 685771AB7CD5849CD774C639 /* XCLocalSwiftPackageReference "TrainerStorage" */;
			productName = TrainerStorage;
		};
/* End XCSwiftPackageProductDependency section */
	};
	rootObject = DBD267DBBC258928B6E04AE3 /* Project object */;
}
